
Microsoft Visual Studio Solution File, Format Version 12.00
# Visual Studio Version 17
VisualStudioVersion = 17.5.33414.496
MinimumVisualStudioVersion = 10.0.40219.1
Project("{FAE04EC0-301F-11D3-BF4B-00C04F79EFBC}") = "XIWO", "XIWO.csproj", "{7F287515-EB6A-4769-AFAB-DC6C1DF74506}"
EndProject
Global
	GlobalSection(SolutionConfigurationPlatforms) = preSolution
		Debug|Any CPU = Debug|Any CPU
		Release|Any CPU = Release|Any CPU
	EndGlobalSection
	GlobalSection(ProjectConfigurationPlatforms) = postSolution
		{7F287515-EB6A-4769-AFAB-DC6C1DF74506}.Debug|Any CPU.ActiveCfg = Debug|Any CPU
		{7F287515-EB6A-4769-AFAB-DC6C1DF74506}.Debug|Any CPU.Build.0 = Debug|Any CPU
		{7F287515-EB6A-4769-AFAB-DC6C1DF74506}.Release|Any CPU.ActiveCfg = Release|Any CPU
		{7F287515-EB6A-4769-AFAB-DC6C1DF74506}.Release|Any CPU.Build.0 = Release|Any CPU
	EndGlobalSection
	GlobalSection(SolutionProperties) = preSolution
		HideSolutionNode = FALSE
	EndGlobalSection
	GlobalSection(ExtensibilityGlobals) = postSolution
		SolutionGuid = {BE47BCB5-D38A-4A6B-A80E-B261FE85FA2D}
	EndGlobalSection
EndGlobal
